PODS:
  - Alamofire (5.6.2)
  - lottie-ios (3.4.3)
  - RxCocoa (6.5.0):
    - RxRelay (= 6.5.0)
    - RxSwift (= 6.5.0)
  - RxRelay (6.5.0):
    - RxSwift (= 6.5.0)
  - RxSwift (6.5.0)
  - SwiftyBeaver (1.9.6)
  - SwiftyJSON (5.0.1)
  - Swinject (2.8.2)

DEPENDENCIES:
  - Alamofire
  - lottie-ios
  - RxCocoa
  - RxSwift
  - SwiftyBeaver
  - SwiftyJSON
  - Swinject

SPEC REPOS:
  trunk:
    - Alamofire
    - lottie-ios
    - RxCocoa
    - RxRelay
    - RxSwift
    - SwiftyBeaver
    - SwiftyJSON
    - Swinject

SPEC CHECKSUMS:
  Alamofire: d368e1ff8a298e6dde360e35a3e68e6c610e7204
  lottie-ios: 9ae750cdc7820fecbd3c2f0cfc493038208fcdc4
  RxCocoa: 94f817b71c07517321eb4f9ad299112ca8af743b
  RxRelay: 1de1523e604c72b6c68feadedd1af3b1b4d0ecbd
  RxSwift: 5710a9e6b17f3c3d6e40d6e559b9fa1e813b2ef8
  SwiftyBeaver: c8241b4745aa269a78ca5a022532c6915e948536
  SwiftyJSON: 2f33a42c6fbc52764d96f13368585094bfd8aa5e
  Swinject: b4a11b31992e8668308dc594ba1cb9b3164a37ab

PODFILE CHECKSUM: adc1ff738f89b02d1068acba52b327e5c6f48bd7

COCOAPODS: 1.11.3
